// !$*UTF8*$!
{
	archiveVersion = 1;
	classes = {
	};
	objectVersion = 50;
	objects = {

/* Begin PBXBuildFile section */
		04EA56582320B45B00E297A4 /* AppDelegate.swift in Sources */ = {isa = PBXBuildFile; fileRef = 04EA56572320B45B00E297A4 /* AppDelegate.swift */; };
		04EA565D2320B45B00E297A4 /* Main.storyboard in Resources */ = {isa = PBXBuildFile; fileRef = 04EA565B2320B45B00E297A4 /* Main.storyboard */; };
		04EA565F2320B45D00E297A4 /* Assets.xcassets in Resources */ = {isa = PBXBuildFile; fileRef = 04EA565E2320B45D00E297A4 /* Assets.xcassets */; };
		04EA56622320B45D00E297A4 /* LaunchScreen.storyboard in Resources */ = {isa = PBXBuildFile; fileRef = 04EA56602320B45D00E297A4 /* LaunchScreen.storyboard */; };
		04EA566D2320B45D00E297A4 /* TrainingTableViewTests.swift in Sources */ = {isa = PBXBuildFile; fileRef = 04EA566C2320B45D00E297A4 /* TrainingTableViewTests.swift */; };
		04EA567F23215EB600E297A4 /* CarListViewController.swift in Sources */ = {isa = PBXBuildFile; fileRef = 04EA567E23215EB600E297A4 /* CarListViewController.swift */; };
		04EA568123215ED600E297A4 /* CarListPresenter.swift in Sources */ = {isa = PBXBuildFile; fileRef = 04EA568023215ED600E297A4 /* CarListPresenter.swift */; };
		04EA568323215F2F00E297A4 /* BaseViewController.swift in Sources */ = {isa = PBXBuildFile; fileRef = 04EA568223215F2F00E297A4 /* BaseViewController.swift */; };
		04EA56882321786B00E297A4 /* Car.swift in Sources */ = {isa = PBXBuildFile; fileRef = 04EA56872321786B00E297A4 /* Car.swift */; };
		160F12148D732ADF25D52C00 /* Pods_TrainingTableViewTests.framework in Frameworks */ = {isa = PBXBuildFile; fileRef = EBAA7957A08CD067621B6078 /* Pods_TrainingTableViewTests.framework */; };
		4AD8DB9AA901AEBF7BFEB3F5 /* Pods_TrainingTableView.framework in Frameworks */ = {isa = PBXBuildFile; fileRef = 588858DFE31923FCBAB21BC9 /* Pods_TrainingTableView.framework */; };
		DFFE0E5E23267A29003ACFE8 /* Assets.xcassets in Resources */ = {isa = PBXBuildFile; fileRef = DFFE0E4F23267A29003ACFE8 /* Assets.xcassets */; };
		DFFE0E5F23267A29003ACFE8 /* LaunchScreen.storyboard in Resources */ = {isa = PBXBuildFile; fileRef = DFFE0E5023267A29003ACFE8 /* LaunchScreen.storyboard */; };
		DFFE0E6023267A29003ACFE8 /* Main.storyboard in Resources */ = {isa = PBXBuildFile; fileRef = DFFE0E5223267A29003ACFE8 /* Main.storyboard */; };
		DFFE0E6123267A29003ACFE8 /* CarDetailViewController.swift in Sources */ = {isa = PBXBuildFile; fileRef = DFFE0E5423267A29003ACFE8 /* CarDetailViewController.swift */; };
		DFFE0E6223267A29003ACFE8 /* AppDelegate.swift in Sources */ = {isa = PBXBuildFile; fileRef = DFFE0E5523267A29003ACFE8 /* AppDelegate.swift */; };
		DFFE0E6323267A29003ACFE8 /* Info.plist in Resources */ = {isa = PBXBuildFile; fileRef = DFFE0E5623267A29003ACFE8 /* Info.plist */; };
		DFFE0E6423267A29003ACFE8 /* CarTableViewController.swift in Sources */ = {isa = PBXBuildFile; fileRef = DFFE0E5723267A29003ACFE8 /* CarTableViewController.swift */; };
/* End PBXBuildFile section */

/* Begin PBXContainerItemProxy section */
		04EA56692320B45D00E297A4 /* PBXContainerItemProxy */ = {
			isa = PBXContainerItemProxy;
			containerPortal = 04EA564C2320B45B00E297A4 /* Project object */;
			proxyType = 1;
			remoteGlobalIDString = 04EA56532320B45B00E297A4;
			remoteInfo = TrainingTableView;
		};
		DFFE0E5C23267A29003ACFE8 /* PBXContainerItemProxy */ = {
			isa = PBXContainerItemProxy;
			containerPortal = DFFE0E5823267A29003ACFE8 /* uiTableView.xcodeproj */;
			proxyType = 2;
			remoteGlobalIDString = DF12819D232206480003F634;
			remoteInfo = uiTableView;
		};
/* End PBXContainerItemProxy section */

/* Begin PBXFileReference section */
		04EA56542320B45B00E297A4 /* TrainingTableView.app */ = {isa = PBXFileReference; explicitFileType = wrapper.application; includeInIndex = 0; path = TrainingTableView.app; sourceTree = BUILT_PRODUCTS_DIR; };
		04EA56572320B45B00E297A4 /* AppDelegate.swift */ = {isa = PBXFileReference; lastKnownFileType = sourcecode.swift; path = AppDelegate.swift; sourceTree = "<group>"; };
		04EA565C2320B45B00E297A4 /* Base */ = {isa = PBXFileReference; lastKnownFileType = file.storyboard; name = Base; path = Base.lproj/Main.storyboard; sourceTree = "<group>"; };
		04EA565E2320B45D00E297A4 /* Assets.xcassets */ = {isa = PBXFileReference; lastKnownFileType = folder.assetcatalog; path = Assets.xcassets; sourceTree = "<group>"; };
		04EA56612320B45D00E297A4 /* Base */ = {isa = PBXFileReference; lastKnownFileType = file.storyboard; name = Base; path = Base.lproj/LaunchScreen.storyboard; sourceTree = "<group>"; };
		04EA56632320B45D00E297A4 /* Info.plist */ = {isa = PBXFileReference; lastKnownFileType = text.plist.xml; path = Info.plist; sourceTree = "<group>"; };
		04EA56682320B45D00E297A4 /* TrainingTableViewTests.xctest */ = {isa = PBXFileReference; explicitFileType = wrapper.cfbundle; includeInIndex = 0; path = TrainingTableViewTests.xctest; sourceTree = BUILT_PRODUCTS_DIR; };
		04EA566C2320B45D00E297A4 /* TrainingTableViewTests.swift */ = {isa = PBXFileReference; lastKnownFileType = sourcecode.swift; path = TrainingTableViewTests.swift; sourceTree = "<group>"; };
		04EA566E2320B45D00E297A4 /* Info.plist */ = {isa = PBXFileReference; lastKnownFileType = text.plist.xml; path = Info.plist; sourceTree = "<group>"; };
		04EA567E23215EB600E297A4 /* CarListViewController.swift */ = {isa = PBXFileReference; lastKnownFileType = sourcecode.swift; path = CarListViewController.swift; sourceTree = "<group>"; };
		04EA568023215ED600E297A4 /* CarListPresenter.swift */ = {isa = PBXFileReference; lastKnownFileType = sourcecode.swift; path = CarListPresenter.swift; sourceTree = "<group>"; };
		04EA568223215F2F00E297A4 /* BaseViewController.swift */ = {isa = PBXFileReference; lastKnownFileType = sourcecode.swift; path = BaseViewController.swift; sourceTree = "<group>"; };
		04EA56872321786B00E297A4 /* Car.swift */ = {isa = PBXFileReference; lastKnownFileType = sourcecode.swift; path = Car.swift; sourceTree = "<group>"; };
		588858DFE31923FCBAB21BC9 /* Pods_TrainingTableView.framework */ = {isa = PBXFileReference; explicitFileType = wrapper.framework; includeInIndex = 0; path = Pods_TrainingTableView.framework; sourceTree = BUILT_PRODUCTS_DIR; };
		59E3AA80FCEF1448BE6DD962 /* Pods-TrainingTableViewTests.debug.xcconfig */ = {isa = PBXFileReference; includeInIndex = 1; lastKnownFileType = text.xcconfig; name = "Pods-TrainingTableViewTests.debug.xcconfig"; path = "Target Support Files/Pods-TrainingTableViewTests/Pods-TrainingTableViewTests.debug.xcconfig"; sourceTree = "<group>"; };
		84279B1317B82D2FBD31D159 /* Pods-TrainingTableViewTests.release.xcconfig */ = {isa = PBXFileReference; includeInIndex = 1; lastKnownFileType = text.xcconfig; name = "Pods-TrainingTableViewTests.release.xcconfig"; path = "Target Support Files/Pods-TrainingTableViewTests/Pods-TrainingTableViewTests.release.xcconfig"; sourceTree = "<group>"; };
		CA0BCF10AC2811354268F4F5 /* Pods-TrainingTableView.release.xcconfig */ = {isa = PBXFileReference; includeInIndex = 1; lastKnownFileType = text.xcconfig; name = "Pods-TrainingTableView.release.xcconfig"; path = "Target Support Files/Pods-TrainingTableView/Pods-TrainingTableView.release.xcconfig"; sourceTree = "<group>"; };
		CE56A5E3681C298002DD0158 /* Pods-TrainingTableView.debug.xcconfig */ = {isa = PBXFileReference; includeInIndex = 1; lastKnownFileType = text.xcconfig; name = "Pods-TrainingTableView.debug.xcconfig"; path = "Target Support Files/Pods-TrainingTableView/Pods-TrainingTableView.debug.xcconfig"; sourceTree = "<group>"; };
		DFFE0E4F23267A29003ACFE8 /* Assets.xcassets */ = {isa = PBXFileReference; lastKnownFileType = folder.assetcatalog; path = Assets.xcassets; sourceTree = "<group>"; };
		DFFE0E5123267A29003ACFE8 /* Base */ = {isa = PBXFileReference; lastKnownFileType = file.storyboard; name = Base; path = Base.lproj/LaunchScreen.storyboard; sourceTree = "<group>"; };
		DFFE0E5323267A29003ACFE8 /* Base */ = {isa = PBXFileReference; lastKnownFileType = file.storyboard; name = Base; path = Base.lproj/Main.storyboard; sourceTree = "<group>"; };
		DFFE0E5423267A29003ACFE8 /* CarDetailViewController.swift */ = {isa = PBXFileReference; fileEncoding = 4; lastKnownFileType = sourcecode.swift; path = CarDetailViewController.swift; sourceTree = "<group>"; };
		DFFE0E5523267A29003ACFE8 /* AppDelegate.swift */ = {isa = PBXFileReference; fileEncoding = 4; lastKnownFileType = sourcecode.swift; path = AppDelegate.swift; sourceTree = "<group>"; };
		DFFE0E5623267A29003ACFE8 /* Info.plist */ = {isa = PBXFileReference; fileEncoding = 4; lastKnownFileType = text.plist.xml; path = Info.plist; sourceTree = "<group>"; };
		DFFE0E5723267A29003ACFE8 /* CarTableViewController.swift */ = {isa = PBXFileReference; fileEncoding = 4; lastKnownFileType = sourcecode.swift; path = CarTableViewController.swift; sourceTree = "<group>"; };
		DFFE0E5823267A29003ACFE8 /* uiTableView.xcodeproj */ = {isa = PBXFileReference; lastKnownFileType = "wrapper.pb-project"; path = uiTableView.xcodeproj; sourceTree = "<group>"; };
		EBAA7957A08CD067621B6078 /* Pods_TrainingTableViewTests.framework */ = {isa = PBXFileReference; explicitFileType = wrapper.framework; includeInIndex = 0; path = Pods_TrainingTableViewTests.framework; sourceTree = BUILT_PRODUCTS_DIR; };
/* End PBXFileReference section */

/* Begin PBXFrameworksBuildPhase section */
		04EA56512320B45B00E297A4 /* Frameworks */ = {
			isa = PBXFrameworksBuildPhase;
			buildActionMask = 2147483647;
			files = (
				4AD8DB9AA901AEBF7BFEB3F5 /* Pods_TrainingTableView.framework in Frameworks */,
			);
			runOnlyForDeploymentPostprocessing = 0;
		};
		04EA56652320B45D00E297A4 /* Frameworks */ = {
			isa = PBXFrameworksBuildPhase;
			buildActionMask = 2147483647;
			files = (
				160F12148D732ADF25D52C00 /* Pods_TrainingTableViewTests.framework in Frameworks */,
			);
			runOnlyForDeploymentPostprocessing = 0;
		};
/* End PBXFrameworksBuildPhase section */

/* Begin PBXGroup section */
		04EA564B2320B45B00E297A4 = {
			isa = PBXGroup;
			children = (
				04EA56562320B45B00E297A4 /* TrainingTableView */,
				04EA566B2320B45D00E297A4 /* TrainingTableViewTests */,
				04EA56552320B45B00E297A4 /* Products */,
				E4E17735A1CAD05FA9E06DA6 /* Pods */,
				FCA36AE5DA093BAF8F6273F7 /* Frameworks */,
			);
			sourceTree = "<group>";
		};
		04EA56552320B45B00E297A4 /* Products */ = {
			isa = PBXGroup;
			children = (
				04EA56542320B45B00E297A4 /* TrainingTableView.app */,
				04EA56682320B45D00E297A4 /* TrainingTableViewTests.xctest */,
			);
			name = Products;
			sourceTree = "<group>";
		};
		04EA56562320B45B00E297A4 /* TrainingTableView */ = {
			isa = PBXGroup;
			children = (
				04EA567B23215DB100E297A4 /* CenterClass */,
				04EA567A23215D9C00E297A4 /* Model */,
				04EA567923215D4500E297A4 /* View */,
				04EA567823215D3800E297A4 /* Flow */,
				04EA56572320B45B00E297A4 /* AppDelegate.swift */,
				04EA565B2320B45B00E297A4 /* Main.storyboard */,
				04EA565E2320B45D00E297A4 /* Assets.xcassets */,
				04EA56602320B45D00E297A4 /* LaunchScreen.storyboard */,
				04EA56632320B45D00E297A4 /* Info.plist */,
			);
			path = TrainingTableView;
			sourceTree = "<group>";
		};
		04EA566B2320B45D00E297A4 /* TrainingTableViewTests */ = {
			isa = PBXGroup;
			children = (
				04EA566C2320B45D00E297A4 /* TrainingTableViewTests.swift */,
				04EA566E2320B45D00E297A4 /* Info.plist */,
			);
			path = TrainingTableViewTests;
			sourceTree = "<group>";
		};
		04EA567823215D3800E297A4 /* Flow */ = {
			isa = PBXGroup;
			children = (
				04EA567C23215E6300E297A4 /* Scene */,
			);
			path = Flow;
			sourceTree = "<group>";
		};
		04EA567923215D4500E297A4 /* View */ = {
			isa = PBXGroup;
			children = (
			);
			path = View;
			sourceTree = "<group>";
		};
		04EA567A23215D9C00E297A4 /* Model */ = {
			isa = PBXGroup;
			children = (
				04EA56872321786B00E297A4 /* Car.swift */,
			);
			path = Model;
			sourceTree = "<group>";
		};
		04EA567B23215DB100E297A4 /* CenterClass */ = {
			isa = PBXGroup;
			children = (
				04EA56842321611800E297A4 /* BaseVIewController */,
			);
			path = CenterClass;
			sourceTree = "<group>";
		};
		04EA567C23215E6300E297A4 /* Scene */ = {
			isa = PBXGroup;
			children = (
				04EA567D23215E7800E297A4 /* CarList */,
			);
			path = Scene;
			sourceTree = "<group>";
		};
		04EA567D23215E7800E297A4 /* CarList */ = {
			isa = PBXGroup;
			children = (
				04EA567E23215EB600E297A4 /* CarListViewController.swift */,
				04EA568023215ED600E297A4 /* CarListPresenter.swift */,
			);
			path = CarList;
			sourceTree = "<group>";
		};
		04EA56842321611800E297A4 /* BaseVIewController */ = {
			isa = PBXGroup;
			children = (
				04EA568223215F2F00E297A4 /* BaseViewController.swift */,
			);
			path = BaseVIewController;
			sourceTree = "<group>";
		};
		DFFE0E4D23267A29003ACFE8 /* uiTableView 2 */ = {
			isa = PBXGroup;
			children = (
				DFFE0E4E23267A29003ACFE8 /* uiTableView */,
				DFFE0E5823267A29003ACFE8 /* uiTableView.xcodeproj */,
			);
			path = "uiTableView 2";
			sourceTree = "<group>";
		};
		DFFE0E4E23267A29003ACFE8 /* uiTableView */ = {
			isa = PBXGroup;
			children = (
				DFFE0E4F23267A29003ACFE8 /* Assets.xcassets */,
				DFFE0E5023267A29003ACFE8 /* LaunchScreen.storyboard */,
				DFFE0E5223267A29003ACFE8 /* Main.storyboard */,
				DFFE0E5423267A29003ACFE8 /* CarDetailViewController.swift */,
				DFFE0E5523267A29003ACFE8 /* AppDelegate.swift */,
				DFFE0E5623267A29003ACFE8 /* Info.plist */,
				DFFE0E5723267A29003ACFE8 /* CarTableViewController.swift */,
			);
			path = uiTableView;
			sourceTree = "<group>";
		};
		DFFE0E5923267A29003ACFE8 /* Products */ = {
			isa = PBXGroup;
			children = (
				DFFE0E5D23267A29003ACFE8 /* uiTableView.app */,
			);
			name = Products;
			sourceTree = "<group>";
		};
		E4E17735A1CAD05FA9E06DA6 /* Pods */ = {
			isa = PBXGroup;
			children = (
				CE56A5E3681C298002DD0158 /* Pods-TrainingTableView.debug.xcconfig */,
				CA0BCF10AC2811354268F4F5 /* Pods-TrainingTableView.release.xcconfig */,
				59E3AA80FCEF1448BE6DD962 /* Pods-TrainingTableViewTests.debug.xcconfig */,
				84279B1317B82D2FBD31D159 /* Pods-TrainingTableViewTests.release.xcconfig */,
			);
			path = Pods;
			sourceTree = "<group>";
		};
		FCA36AE5DA093BAF8F6273F7 /* Frameworks */ = {
			isa = PBXGroup;
			children = (
				DFFE0E4D23267A29003ACFE8 /* uiTableView 2 */,
				588858DFE31923FCBAB21BC9 /* Pods_TrainingTableView.framework */,
				EBAA7957A08CD067621B6078 /* Pods_TrainingTableViewTests.framework */,
			);
			name = Frameworks;
			sourceTree = "<group>";
		};
/* End PBXGroup section */

/* Begin PBXNativeTarget section */
		04EA56532320B45B00E297A4 /* TrainingTableView */ = {
			isa = PBXNativeTarget;
			buildConfigurationList = 04EA56712320B45D00E297A4 /* Build configuration list for PBXNativeTarget "TrainingTableView" */;
			buildPhases = (
				6329005FE34A063134D9A804 /* [CP] Check Pods Manifest.lock */,
				04EA56502320B45B00E297A4 /* Sources */,
				04EA56512320B45B00E297A4 /* Frameworks */,
				04EA56522320B45B00E297A4 /* Resources */,
				04EA567723215B2300E297A4 /* ShellScript */,
			);
			buildRules = (
			);
			dependencies = (
			);
			name = TrainingTableView;
			productName = TrainingTableView;
			productReference = 04EA56542320B45B00E297A4 /* TrainingTableView.app */;
			productType = "com.apple.product-type.application";
		};
		04EA56672320B45D00E297A4 /* TrainingTableViewTests */ = {
			isa = PBXNativeTarget;
			buildConfigurationList = 04EA56742320B45D00E297A4 /* Build configuration list for PBXNativeTarget "TrainingTableViewTests" */;
			buildPhases = (
				F23643F362ACEAB79D80F128 /* [CP] Check Pods Manifest.lock */,
				04EA56642320B45D00E297A4 /* Sources */,
				04EA56652320B45D00E297A4 /* Frameworks */,
				04EA56662320B45D00E297A4 /* Resources */,
			);
			buildRules = (
			);
			dependencies = (
				04EA566A2320B45D00E297A4 /* PBXTargetDependency */,
			);
			name = TrainingTableViewTests;
			productName = TrainingTableViewTests;
			productReference = 04EA56682320B45D00E297A4 /* TrainingTableViewTests.xctest */;
			productType = "com.apple.product-type.bundle.unit-test";
		};
/* End PBXNativeTarget section */

/* Begin PBXProject section */
		04EA564C2320B45B00E297A4 /* Project object */ = {
			isa = PBXProject;
			attributes = {
				LastSwiftUpdateCheck = 1020;
				LastUpgradeCheck = 1020;
				ORGANIZATIONNAME = mac;
				TargetAttributes = {
					04EA56532320B45B00E297A4 = {
						CreatedOnToolsVersion = 10.2.1;
					};
					04EA56672320B45D00E297A4 = {
						CreatedOnToolsVersion = 10.2.1;
						TestTargetID = 04EA56532320B45B00E297A4;
					};
				};
			};
			buildConfigurationList = 04EA564F2320B45B00E297A4 /* Build configuration list for PBXProject "TrainingTableView" */;
			compatibilityVersion = "Xcode 9.3";
			developmentRegion = en;
			hasScannedForEncodings = 0;
			knownRegions = (
				en,
				Base,
			);
			mainGroup = 04EA564B2320B45B00E297A4;
			productRefGroup = 04EA56552320B45B00E297A4 /* Products */;
			projectDirPath = "";
			projectReferences = (
				{
					ProductGroup = DFFE0E5923267A29003ACFE8 /* Products */;
					ProjectRef = DFFE0E5823267A29003ACFE8 /* uiTableView.xcodeproj */;
				},
			);
			projectRoot = "";
			targets = (
				04EA56532320B45B00E297A4 /* TrainingTableView */,
				04EA56672320B45D00E297A4 /* TrainingTableViewTests */,
			);
		};
/* End PBXProject section */

/* Begin PBXReferenceProxy section */
		DFFE0E5D23267A29003ACFE8 /* uiTableView.app */ = {
			isa = PBXReferenceProxy;
			fileType = wrapper.application;
			path = uiTableView.app;
			remoteRef = DFFE0E5C23267A29003ACFE8 /* PBXContainerItemProxy */;
			sourceTree = BUILT_PRODUCTS_DIR;
		};
/* End PBXReferenceProxy section */

/* Begin PBXResourcesBuildPhase section */
		04EA56522320B45B00E297A4 /* Resources */ = {
			isa = PBXResourcesBuildPhase;
			buildActionMask = 2147483647;
			files = (
				04EA56622320B45D00E297A4 /* LaunchScreen.storyboard in Resources */,
				04EA565F2320B45D00E297A4 /* Assets.xcassets in Resources */,
				DFFE0E5E23267A29003ACFE8 /* Assets.xcassets in Resources */,
				DFFE0E6023267A29003ACFE8 /* Main.storyboard in Resources */,
				DFFE0E5F23267A29003ACFE8 /* LaunchScreen.storyboard in Resources */,
				04EA565D2320B45B00E297A4 /* Main.storyboard in Resources */,
				DFFE0E6323267A29003ACFE8 /* Info.plist in Resources */,
			);
			runOnlyForDeploymentPostprocessing = 0;
		};
		04EA56662320B45D00E297A4 /* Resources */ = {
			isa = PBXResourcesBuildPhase;
			buildActionMask = 2147483647;
			files = (
			);
			runOnlyForDeploymentPostprocessing = 0;
		};
/* End PBXResourcesBuildPhase section */

/* Begin PBXShellScriptBuildPhase section */
		04EA567723215B2300E297A4 /* ShellScript */ = {
			isa = PBXShellScriptBuildPhase;
			buildActionMask = 2147483647;
			files = (
			);
			inputFileListPaths = (
			);
			inputPaths = (
			);
			outputFileListPaths = (
			);
			outputPaths = (
			);
			runOnlyForDeploymentPostprocessing = 0;
			shellPath = /bin/sh;
			shellScript = "\"${PODS_ROOT}/SwiftLint/swiftlint\"\n";
		};
		6329005FE34A063134D9A804 /* [CP] Check Pods Manifest.lock */ = {
			isa = PBXShellScriptBuildPhase;
			buildActionMask = 2147483647;
			files = (
			);
			inputFileListPaths = (
			);
			inputPaths = (
				"${PODS_PODFILE_DIR_PATH}/Podfile.lock",
				"${PODS_ROOT}/Manifest.lock",
			);
			name = "[CP] Check Pods Manifest.lock";
			outputFileListPaths = (
			);
			outputPaths = (
				"$(DERIVED_FILE_DIR)/Pods-TrainingTableView-checkManifestLockResult.txt",
			);
			runOnlyForDeploymentPostprocessing = 0;
			shellPath = /bin/sh;
			shellScript = "diff \"${PODS_PODFILE_DIR_PATH}/Podfile.lock\" \"${PODS_ROOT}/Manifest.lock\" > /dev/null\nif [ $? != 0 ] ; then\n    # print error to STDERR\n    echo \"error: The sandbox is not in sync with the Podfile.lock. Run 'pod install' or update your CocoaPods installation.\" >&2\n    exit 1\nfi\n# This output is used by Xcode 'outputs' to avoid re-running this script phase.\necho \"SUCCESS\" > \"${SCRIPT_OUTPUT_FILE_0}\"\n";
			showEnvVarsInLog = 0;
		};
		F23643F362ACEAB79D80F128 /* [CP] Check Pods Manifest.lock */ = {
			isa = PBXShellScriptBuildPhase;
			buildActionMask = 2147483647;
			files = (
			);
			inputFileListPaths = (
			);
			inputPaths = (
				"${PODS_PODFILE_DIR_PATH}/Podfile.lock",
				"${PODS_ROOT}/Manifest.lock",
			);
			name = "[CP] Check Pods Manifest.lock";
			outputFileListPaths = (
			);
			outputPaths = (
				"$(DERIVED_FILE_DIR)/Pods-TrainingTableViewTests-checkManifestLockResult.txt",
			);
			runOnlyForDeploymentPostprocessing = 0;
			shellPath = /bin/sh;
			shellScript = "diff \"${PODS_PODFILE_DIR_PATH}/Podfile.lock\" \"${PODS_ROOT}/Manifest.lock\" > /dev/null\nif [ $? != 0 ] ; then\n    # print error to STDERR\n    echo \"error: The sandbox is not in sync with the Podfile.lock. Run 'pod install' or update your CocoaPods installation.\" >&2\n    exit 1\nfi\n# This output is used by Xcode 'outputs' to avoid re-running this script phase.\necho \"SUCCESS\" > \"${SCRIPT_OUTPUT_FILE_0}\"\n";
			showEnvVarsInLog = 0;
		};
/* End PBXShellScriptBuildPhase section */

/* Begin PBXSourcesBuildPhase section */
		04EA56502320B45B00E297A4 /* Sources */ = {
			isa = PBXSourcesBuildPhase;
			buildActionMask = 2147483647;
			files = (
				04EA568323215F2F00E297A4 /* BaseViewController.swift in Sources */,
				04EA56882321786B00E297A4 /* Car.swift in Sources */,
				DFFE0E6123267A29003ACFE8 /* CarDetailViewController.swift in Sources */,
				04EA567F23215EB600E297A4 /* CarListViewController.swift in Sources */,
				DFFE0E6423267A29003ACFE8 /* CarTableViewController.swift in Sources */,
				DFFE0E6223267A29003ACFE8 /* AppDelegate.swift in Sources */,
				04EA56582320B45B00E297A4 /* AppDelegate.swift in Sources */,
				04EA568123215ED600E297A4 /* CarListPresenter.swift in Sources */,
			);
			runOnlyForDeploymentPostprocessing = 0;
		};
		04EA56642320B45D00E297A4 /* Sources */ = {
			isa = PBXSourcesBuildPhase;
			buildActionMask = 2147483647;
			files = (
				04EA566D2320B45D00E297A4 /* TrainingTableViewTests.swift in Sources */,
			);
			runOnlyForDeploymentPostprocessing = 0;
		};
/* End PBXSourcesBuildPhase section */

/* Begin PBXTargetDependency section */
		04EA566A2320B45D00E297A4 /* PBXTargetDependency */ = {
			isa = PBXTargetDependency;
			target = 04EA56532320B45B00E297A4 /* TrainingTableView */;
			targetProxy = 04EA56692320B45D00E297A4 /* PBXContainerItemProxy */;
		};
/* End PBXTargetDependency section */

/* Begin PBXVariantGroup section */
		04EA565B2320B45B00E297A4 /* Main.storyboard */ = {
			isa = PBXVariantGroup;
			children = (
				04EA565C2320B45B00E297A4 /* Base */,
			);
			name = Main.storyboard;
			sourceTree = "<group>";
		};
		04EA56602320B45D00E297A4 /* LaunchScreen.storyboard */ = {
			isa = PBXVariantGroup;
			children = (
				04EA56612320B45D00E297A4 /* Base */,
			);
			name = LaunchScreen.storyboard;
			sourceTree = "<group>";
		};
		DFFE0E5023267A29003ACFE8 /* LaunchScreen.storyboard */ = {
			isa = PBXVariantGroup;
			children = (
				DFFE0E5123267A29003ACFE8 /* Base */,
			);
			name = LaunchScreen.storyboard;
			sourceTree = "<group>";
		};
		DFFE0E5223267A29003ACFE8 /* Main.storyboard */ = {
			isa = PBXVariantGroup;
			children = (
				DFFE0E5323267A29003ACFE8 /* Base */,
			);
			name = Main.storyboard;
			sourceTree = "<group>";
		};
/* End PBXVariantGroup section */

/* Begin XCBuildConfiguration section */
		04EA566F2320B45D00E297A4 /* Debug */ = {
			isa = XCBuildConfiguration;
			buildSettings = {
				ALWAYS_SEARCH_USER_PATHS = NO;
				CLANG_ANALYZER_NONNULL = YES;
				CLANG_ANALYZER_NUMBER_OBJECT_CONVERSION = YES_AGGRESSIVE;
				CLANG_CXX_LANGUAGE_STANDARD = "gnu++14";
				CLANG_CXX_LIBRARY = "libc++";
				CLANG_ENABLE_MODULES = YES;
				CLANG_ENABLE_OBJC_ARC = YES;
				CLANG_ENABLE_OBJC_WEAK = YES;
				CLANG_WARN_BLOCK_CAPTURE_AUTORELEASING = YES;
				CLANG_WARN_BOOL_CONVERSION = YES;
				CLANG_WARN_COMMA = YES;
				CLANG_WARN_CONSTANT_CONVERSION = YES;
				CLANG_WARN_DEPRECATED_OBJC_IMPLEMENTATIONS = YES;
				CLANG_WARN_DIRECT_OBJC_ISA_USAGE = YES_ERROR;
				CLANG_WARN_DOCUMENTATION_COMMENTS = YES;
				CLANG_WARN_EMPTY_BODY = YES;
				CLANG_WARN_ENUM_CONVERSION = YES;
				CLANG_WARN_INFINITE_RECURSION = YES;
				CLANG_WARN_INT_CONVERSION = YES;
				CLANG_WARN_NON_LITERAL_NULL_CONVERSION = YES;
				CLANG_WARN_OBJC_IMPLICIT_RETAIN_SELF = YES;
				CLANG_WARN_OBJC_LITERAL_CONVERSION = YES;
				CLANG_WARN_OBJC_ROOT_CLASS = YES_ERROR;
				CLANG_WARN_RANGE_LOOP_ANALYSIS = YES;
				CLANG_WARN_STRICT_PROTOTYPES = YES;
				CLANG_WARN_SUSPICIOUS_MOVE = YES;
				CLANG_WARN_UNGUARDED_AVAILABILITY = YES_AGGRESSIVE;
				CLANG_WARN_UNREACHABLE_CODE = YES;
				CLANG_WARN__DUPLICATE_METHOD_MATCH = YES;
				CODE_SIGN_IDENTITY = "iPhone Developer";
				COPY_PHASE_STRIP = NO;
				DEBUG_INFORMATION_FORMAT = dwarf;
				ENABLE_STRICT_OBJC_MSGSEND = YES;
				ENABLE_TESTABILITY = YES;
				GCC_C_LANGUAGE_STANDARD = gnu11;
				GCC_DYNAMIC_NO_PIC = NO;
				GCC_NO_COMMON_BLOCKS = YES;
				GCC_OPTIMIZATION_LEVEL = 0;
				GCC_PREPROCESSOR_DEFINITIONS = (
					"DEBUG=1",
					"$(inherited)",
				);
				GCC_WARN_64_TO_32_BIT_CONVERSION = YES;
				GCC_WARN_ABOUT_RETURN_TYPE = YES_ERROR;
				GCC_WARN_UNDECLARED_SELECTOR = YES;
				GCC_WARN_UNINITIALIZED_AUTOS = YES_AGGRESSIVE;
				GCC_WARN_UNUSED_FUNCTION = YES;
				GCC_WARN_UNUSED_VARIABLE = YES;
				IPHONEOS_DEPLOYMENT_TARGET = 12.2;
				MTL_ENABLE_DEBUG_INFO = INCLUDE_SOURCE;
				MTL_FAST_MATH = YES;
				ONLY_ACTIVE_ARCH = YES;
				SDKROOT = iphoneos;
				SWIFT_ACTIVE_COMPILATION_CONDITIONS = DEBUG;
				SWIFT_OPTIMIZATION_LEVEL = "-Onone";
			};
			name = Debug;
		};
		04EA56702320B45D00E297A4 /* Release */ = {
			isa = XCBuildConfiguration;
			buildSettings = {
				ALWAYS_SEARCH_USER_PATHS = NO;
				CLANG_ANALYZER_NONNULL = YES;
				CLANG_ANALYZER_NUMBER_OBJECT_CONVERSION = YES_AGGRESSIVE;
				CLANG_CXX_LANGUAGE_STANDARD = "gnu++14";
				CLANG_CXX_LIBRARY = "libc++";
				CLANG_ENABLE_MODULES = YES;
				CLANG_ENABLE_OBJC_ARC = YES;
				CLANG_ENABLE_OBJC_WEAK = YES;
				CLANG_WARN_BLOCK_CAPTURE_AUTORELEASING = YES;
				CLANG_WARN_BOOL_CONVERSION = YES;
				CLANG_WARN_COMMA = YES;
				CLANG_WARN_CONSTANT_CONVERSION = YES;
				CLANG_WARN_DEPRECATED_OBJC_IMPLEMENTATIONS = YES;
				CLANG_WARN_DIRECT_OBJC_ISA_USAGE = YES_ERROR;
				CLANG_WARN_DOCUMENTATION_COMMENTS = YES;
				CLANG_WARN_EMPTY_BODY = YES;
				CLANG_WARN_ENUM_CONVERSION = YES;
				CLANG_WARN_INFINITE_RECURSION = YES;
				CLANG_WARN_INT_CONVERSION = YES;
				CLANG_WARN_NON_LITERAL_NULL_CONVERSION = YES;
				CLANG_WARN_OBJC_IMPLICIT_RETAIN_SELF = YES;
				CLANG_WARN_OBJC_LITERAL_CONVERSION = YES;
				CLANG_WARN_OBJC_ROOT_CLASS = YES_ERROR;
				CLANG_WARN_RANGE_LOOP_ANALYSIS = YES;
				CLANG_WARN_STRICT_PROTOTYPES = YES;
				CLANG_WARN_SUSPICIOUS_MOVE = YES;
				CLANG_WARN_UNGUARDED_AVAILABILITY = YES_AGGRESSIVE;
				CLANG_WARN_UNREACHABLE_CODE = YES;
				CLANG_WARN__DUPLICATE_METHOD_MATCH = YES;
				CODE_SIGN_IDENTITY = "iPhone Developer";
				COPY_PHASE_STRIP = NO;
				DEBUG_INFORMATION_FORMAT = "dwarf-with-dsym";
				ENABLE_NS_ASSERTIONS = NO;
				ENABLE_STRICT_OBJC_MSGSEND = YES;
				GCC_C_LANGUAGE_STANDARD = gnu11;
				GCC_NO_COMMON_BLOCKS = YES;
				GCC_WARN_64_TO_32_BIT_CONVERSION = YES;
				GCC_WARN_ABOUT_RETURN_TYPE = YES_ERROR;
				GCC_WARN_UNDECLARED_SELECTOR = YES;
				GCC_WARN_UNINITIALIZED_AUTOS = YES_AGGRESSIVE;
				GCC_WARN_UNUSED_FUNCTION = YES;
				GCC_WARN_UNUSED_VARIABLE = YES;
				IPHONEOS_DEPLOYMENT_TARGET = 12.2;
				MTL_ENABLE_DEBUG_INFO = NO;
				MTL_FAST_MATH = YES;
				SDKROOT = iphoneos;
				SWIFT_COMPILATION_MODE = wholemodule;
				SWIFT_OPTIMIZATION_LEVEL = "-O";
				VALIDATE_PRODUCT = YES;
			};
			name = Release;
		};
		04EA56722320B45D00E297A4 /* Debug */ = {
			isa = XCBuildConfiguration;
			baseConfigurationReference = CE56A5E3681C298002DD0158 /* Pods-TrainingTableView.debug.xcconfig */;
			buildSettings = {
				ASSETCATALOG_COMPILER_APPICON_NAME = AppIcon;
				CODE_SIGN_STYLE = Automatic;
				DEVELOPMENT_TEAM = 2KP362L72H;
				INFOPLIST_FILE = TrainingTableView/Info.plist;
				LD_RUNPATH_SEARCH_PATHS = (
					"$(inherited)",
					"@executable_path/Frameworks",
				);
				PRODUCT_BUNDLE_IDENTIFIER = tinhvan.com.TrainingTableView;
				PRODUCT_NAME = "$(TARGET_NAME)";
				SWIFT_VERSION = 5.0;
				TARGETED_DEVICE_FAMILY = "1,2";
			};
			name = Debug;
		};
		04EA56732320B45D00E297A4 /* Release */ = {
			isa = XCBuildConfiguration;
			baseConfigurationReference = CA0BCF10AC2811354268F4F5 /* Pods-TrainingTableView.release.xcconfig */;
			buildSettings = {
				ASSETCATALOG_COMPILER_APPICON_NAME = AppIcon;
				CODE_SIGN_STYLE = Automatic;
				DEVELOPMENT_TEAM = 2KP362L72H;
				INFOPLIST_FILE = TrainingTableView/Info.plist;
				LD_RUNPATH_SEARCH_PATHS = (
					"$(inherited)",
					"@executable_path/Frameworks",
				);
				PRODUCT_BUNDLE_IDENTIFIER = tinhvan.com.TrainingTableView;
				PRODUCT_NAME = "$(TARGET_NAME)";
				SWIFT_VERSION = 5.0;
				TARGETED_DEVICE_FAMILY = "1,2";
			};
			name = Release;
		};
		04EA56752320B45D00E297A4 /* Debug */ = {
			isa = XCBuildConfiguration;
			baseConfigurationReference = 59E3AA80FCEF1448BE6DD962 /* Pods-TrainingTableViewTests.debug.xcconfig */;
			buildSettings = {
				ALWAYS_EMBED_SWIFT_STANDARD_LIBRARIES = YES;
				BUNDLE_LOADER = "$(TEST_HOST)";
				CODE_SIGN_STYLE = Automatic;
				DEVELOPMENT_TEAM = 2KP362L72H;
				INFOPLIST_FILE = TrainingTableViewTests/Info.plist;
				LD_RUNPATH_SEARCH_PATHS = (
					"$(inherited)",
					"@executable_path/Frameworks",
					"@loader_path/Frameworks",
				);
				PRODUCT_BUNDLE_IDENTIFIER = tinhvan.com.TrainingTableViewTests;
				PRODUCT_NAME = "$(TARGET_NAME)";
				SWIFT_VERSION = 5.0;
				TARGETED_DEVICE_FAMILY = "1,2";
				TEST_HOST = "$(BUILT_PRODUCTS_DIR)/TrainingTableView.app/TrainingTableView";
			};
			name = Debug;
		};
		04EA56762320B45D00E297A4 /* Release */ = {
			isa = XCBuildConfiguration;
			baseConfigurationReference = 84279B1317B82D2FBD31D159 /* Pods-TrainingTableViewTests.release.xcconfig */;
			buildSettings = {
				ALWAYS_EMBED_SWIFT_STANDARD_LIBRARIES = YES;
				BUNDLE_LOADER = "$(TEST_HOST)";
				CODE_SIGN_STYLE = Automatic;
				DEVELOPMENT_TEAM = 2KP362L72H;
				INFOPLIST_FILE = TrainingTableViewTests/Info.plist;
				LD_RUNPATH_SEARCH_PATHS = (
					"$(inherited)",
					"@executable_path/Frameworks",
					"@loader_path/Frameworks",
				);
				PRODUCT_BUNDLE_IDENTIFIER = tinhvan.com.TrainingTableViewTests;
				PRODUCT_NAME = "$(TARGET_NAME)";
				SWIFT_VERSION = 5.0;
				TARGETED_DEVICE_FAMILY = "1,2";
				TEST_HOST = "$(BUILT_PRODUCTS_DIR)/TrainingTableView.app/TrainingTableView";
			};
			name = Release;
		};
/* End XCBuildConfiguration section */

/* Begin XCConfigurationList section */
		04EA564F2320B45B00E297A4 /* Build configuration list for PBXProject "TrainingTableView" */ = {
			isa = XCConfigurationList;
			buildConfigurations = (
				04EA566F2320B45D00E297A4 /* Debug */,
				04EA56702320B45D00E297A4 /* Release */,
			);
			defaultConfigurationIsVisible = 0;
			defaultConfigurationName = Release;
		};
		04EA56712320B45D00E297A4 /* Build configuration list for PBXNativeTarget "TrainingTableView" */ = {
			isa = XCConfigurationList;
			buildConfigurations = (
				04EA56722320B45D00E297A4 /* Debug */,
				04EA56732320B45D00E297A4 /* Release */,
			);
			defaultConfigurationIsVisible = 0;
			defaultConfigurationName = Release;
		};
		04EA56742320B45D00E297A4 /* Build configuration list for PBXNativeTarget "TrainingTableViewTests" */ = {
			isa = XCConfigurationList;
			buildConfigurations = (
				04EA56752320B45D00E297A4 /* Debug */,
				04EA56762320B45D00E297A4 /* Release */,
			);
			defaultConfigurationIsVisible = 0;
			defaultConfigurationName = Release;
		};
/* End XCConfigurationList section */
	};
	rootObject = 04EA564C2320B45B00E297A4 /* Project object */;
}
